// !$*UTF8*$!
{
	archiveVersion = 1;
	classes = {
	};
	objectVersion = 56;
	objects = {

/* Begin PBXBuildFile section */
		F34DD9CE2BC5758A00C33F51 /* AppDelegate.m in Sources */ = {isa = PBXBuildFile; fileRef = F34DD9CD2BC5758A00C33F51 /* AppDelegate.m */; };
		F34DD9D12BC5758A00C33F51 /* SceneDelegate.m in Sources */ = {isa = PBXBuildFile; fileRef = F34DD9D02BC5758A00C33F51 /* SceneDelegate.m */; };
		F34DD9D72BC5758A00C33F51 /* Main.storyboard in Resources */ = {isa = PBXBuildFile; fileRef = F34DD9D52BC5758A00C33F51 /* Main.storyboard */; };
		F34DD9D92BC5758C00C33F51 /* Assets.xcassets in Resources */ = {isa = PBXBuildFile; fileRef = F34DD9D82BC5758C00C33F51 /* Assets.xcassets */; };
		F34DD9DC2BC5758C00C33F51 /* LaunchScreen.storyboard in Resources */ = {isa = PBXBuildFile; fileRef = F34DD9DA2BC5758C00C33F51 /* LaunchScreen.storyboard */; };
		F34DD9DF2BC5758C00C33F51 /* main.m in Sources */ = {isa = PBXBuildFile; fileRef = F34DD9DE2BC5758C00C33F51 /* main.m */; };
		F34DD9E72BC575A800C33F51 /* Loader.m in Sources */ = {isa = PBXBuildFile; fileRef = F34DD9E62BC575A800C33F51 /* Loader.m */; };
		F34DD9EA2BC5767200C33F51 /* GetRequestViewController.m in Sources */ = {isa = PBXBuildFile; fileRef = F34DD9E92BC5767200C33F51 /* GetRequestViewController.m */; };
		F34DD9ED2BC576E600C33F51 /* PostRequestViewController.m in Sources */ = {isa = PBXBuildFile; fileRef = F34DD9EC2BC576E600C33F51 /* PostRequestViewController.m */; };
/* End PBXBuildFile section */

/* Begin PBXFileReference section */
		F34DD9C92BC5758A00C33F51 /* obj-c HW5.app */ = {isa = PBXFileReference; explicitFileType = wrapper.application; includeInIndex = 0; path = "obj-c HW5.app"; sourceTree = BUILT_PRODUCTS_DIR; };
		F34DD9CC2BC5758A00C33F51 /* AppDelegate.h */ = {isa = PBXFileReference; lastKnownFileType = sourcecode.c.h; path = AppDelegate.h; sourceTree = "<group>"; };
		F34DD9CD2BC5758A00C33F51 /* AppDelegate.m */ = {isa = PBXFileReference; lastKnownFileType = sourcecode.c.objc; path = AppDelegate.m; sourceTree = "<group>"; };
		F34DD9CF2BC5758A00C33F51 /* SceneDelegate.h */ = {isa = PBXFileReference; lastKnownFileType = sourcecode.c.h; path = SceneDelegate.h; sourceTree = "<group>"; };
		F34DD9D02BC5758A00C33F51 /* SceneDelegate.m */ = {isa = PBXFileReference; lastKnownFileType = sourcecode.c.objc; path = SceneDelegate.m; sourceTree = "<group>"; };
		F34DD9D62BC5758A00C33F51 /* Base */ = {isa = PBXFileReference; lastKnownFileType = file.storyboard; name = Base; path = Base.lproj/Main.storyboard; sourceTree = "<group>"; };
		F34DD9D82BC5758C00C33F51 /* Assets.xcassets */ = {isa = PBXFileReference; lastKnownFileType = folder.assetcatalog; path = Assets.xcassets; sourceTree = "<group>"; };
		F34DD9DB2BC5758C00C33F51 /* Base */ = {isa = PBXFileReference; lastKnownFileType = file.storyboard; name = Base; path = Base.lproj/LaunchScreen.storyboard; sourceTree = "<group>"; };
		F34DD9DD2BC5758C00C33F51 /* Info.plist */ = {isa = PBXFileReference; lastKnownFileType = text.plist.xml; path = Info.plist; sourceTree = "<group>"; };
		F34DD9DE2BC5758C00C33F51 /* main.m */ = {isa = PBXFileReference; lastKnownFileType = sourcecode.c.objc; path = main.m; sourceTree = "<group>"; };
		F34DD9E52BC575A800C33F51 /* Loader.h */ = {isa = PBXFileReference; lastKnownFileType = sourcecode.c.h; path = Loader.h; sourceTree = "<group>"; };
		F34DD9E62BC575A800C33F51 /* Loader.m */ = {isa = PBXFileReference; lastKnownFileType = sourcecode.c.objc; path = Loader.m; sourceTree = "<group>"; };
		F34DD9E82BC5767200C33F51 /* GetRequestViewController.h */ = {isa = PBXFileReference; lastKnownFileType = sourcecode.c.h; path = GetRequestViewController.h; sourceTree = "<group>"; };
		F34DD9E92BC5767200C33F51 /* GetRequestViewController.m */ = {isa = PBXFileReference; lastKnownFileType = sourcecode.c.objc; path = GetRequestViewController.m; sourceTree = "<group>"; };
		F34DD9EB2BC576E600C33F51 /* PostRequestViewController.h */ = {isa = PBXFileReference; lastKnownFileType = sourcecode.c.h; path = PostRequestViewController.h; sourceTree = "<group>"; };
		F34DD9EC2BC576E600C33F51 /* PostRequestViewController.m */ = {isa = PBXFileReference; lastKnownFileType = sourcecode.c.objc; path = PostRequestViewController.m; sourceTree = "<group>"; };
/* End PBXFileReference section */

/* Begin PBXFrameworksBuildPhase section */
		F34DD9C62BC5758A00C33F51 /* Frameworks */ = {
			isa = PBXFrameworksBuildPhase;
			buildActionMask = 2147483647;
			files = (
			);
			runOnlyForDeploymentPostprocessing = 0;
		};
/* End PBXFrameworksBuildPhase section */

/* Begin PBXGroup section */
		F34DD9C02BC5758A00C33F51 = {
			isa = PBXGroup;
			children = (
				F34DD9CB2BC5758A00C33F51 /* obj-c HW5 */,
				F34DD9CA2BC5758A00C33F51 /* Products */,
			);
			sourceTree = "<group>";
		};
		F34DD9CA2BC5758A00C33F51 /* Products */ = {
			isa = PBXGroup;
			children = (
				F34DD9C92BC5758A00C33F51 /* obj-c HW5.app */,
			);
			name = Products;
			sourceTree = "<group>";
		};
		F34DD9CB2BC5758A00C33F51 /* obj-c HW5 */ = {
			isa = PBXGroup;
			children = (
				F34DD9CC2BC5758A00C33F51 /* AppDelegate.h */,
				F34DD9CD2BC5758A00C33F51 /* AppDelegate.m */,
				F34DD9CF2BC5758A00C33F51 /* SceneDelegate.h */,
				F34DD9D02BC5758A00C33F51 /* SceneDelegate.m */,
				F34DD9E82BC5767200C33F51 /* GetRequestViewController.h */,
				F34DD9E92BC5767200C33F51 /* GetRequestViewController.m */,
				F34DD9EB2BC576E600C33F51 /* PostRequestViewController.h */,
				F34DD9EC2BC576E600C33F51 /* PostRequestViewController.m */,
				F34DD9D52BC5758A00C33F51 /* Main.storyboard */,
				F34DD9D82BC5758C00C33F51 /* Assets.xcassets */,
				F34DD9DA2BC5758C00C33F51 /* LaunchScreen.storyboard */,
				F34DD9DD2BC5758C00C33F51 /* Info.plist */,
				F34DD9DE2BC5758C00C33F51 /* main.m */,
				F34DD9E52BC575A800C33F51 /* Loader.h */,
				F34DD9E62BC575A800C33F51 /* Loader.m */,
			);
			path = "obj-c HW5";
			sourceTree = "<group>";
		};
/* End PBXGroup section */

/* Begin PBXNativeTarget section */
		F34DD9C82BC5758A00C33F51 /* obj-c HW5 */ = {
			isa = PBXNativeTarget;
			buildConfigurationList = F34DD9E22BC5758C00C33F51 /* Build configuration list for PBXNativeTarget "obj-c HW5" */;
			buildPhases = (
				F34DD9C52BC5758A00C33F51 /* Sources */,
				F34DD9C62BC5758A00C33F51 /* Frameworks */,
				F34DD9C72BC5758A00C33F51 /* Resources */,
			);
			buildRules = (
			);
			dependencies = (
			);
			name = "obj-c HW5";
			productName = "obj-c HW5";
			productReference = F34DD9C92BC5758A00C33F51 /* obj-c HW5.app */;
			productType = "com.apple.product-type.application";
		};
/* End PBXNativeTarget section */

/* Begin PBXProject section */
		F34DD9C12BC5758A00C33F51 /* Project object */ = {
			isa = PBXProject;
			attributes = {
				BuildIndependentTargetsInParallel = 1;
				LastUpgradeCheck = 1520;
				TargetAttributes = {
					F34DD9C82BC5758A00C33F51 = {
						CreatedOnToolsVersion = 15.2;
					};
				};
			};
			buildConfigurationList = F34DD9C42BC5758A00C33F51 /* Build configuration list for PBXProject "obj-c HW5" */;
			compatibilityVersion = "Xcode 14.0";
			developmentRegion = en;
			hasScannedForEncodings = 0;
			knownRegions = (
				en,
				Base,
			);
			mainGroup = F34DD9C02BC5758A00C33F51;
			productRefGroup = F34DD9CA2BC5758A00C33F51 /* Products */;
			projectDirPath = "";
			projectRoot = "";
			targets = (
				F34DD9C82BC5758A00C33F51 /* obj-c HW5 */,
			);
		};
/* End PBXProject section */

/* Begin PBXResourcesBuildPhase section */
		F34DD9C72BC5758A00C33F51 /* Resources */ = {
			isa = PBXResourcesBuildPhase;
			buildActionMask = 2147483647;
			files = (
				F34DD9DC2BC5758C00C33F51 /* LaunchScreen.storyboard in Resources */,
				F34DD9D92BC5758C00C33F51 /* Assets.xcassets in Resources */,
				F34DD9D72BC5758A00C33F51 /* Main.storyboard in Resources */,
			);
			runOnlyForDeploymentPostprocessing = 0;
		};
/* End PBXResourcesBuildPhase section */

/* Begin PBXSourcesBuildPhase section */
		F34DD9C52BC5758A00C33F51 /* Sources */ = {
			isa = PBXSourcesBuildPhase;
			buildActionMask = 2147483647;
			files = (
				F34DD9CE2BC5758A00C33F51 /* AppDelegate.m in Sources */,
				F34DD9DF2BC5758C00C33F51 /* main.m in Sources */,
				F34DD9EA2BC5767200C33F51 /* GetRequestViewController.m in Sources */,
				F34DD9D12BC5758A00C33F51 /* SceneDelegate.m in Sources */,
				F34DD9E72BC575A800C33F51 /* Loader.m in Sources */,
				F34DD9ED2BC576E600C33F51 /* PostRequestViewController.m in Sources */,
			);
			runOnlyForDeploymentPostprocessing = 0;
		};
/* End PBXSourcesBuildPhase section */

/* Begin PBXVariantGroup section */
		F34DD9D52BC5758A00C33F51 /* Main.storyboard */ = {
			isa = PBXVariantGroup;
			children = (
				F34DD9D62BC5758A00C33F51 /* Base */,
			);
			name = Main.storyboard;
			sourceTree = "<group>";
		};
		F34DD9DA2BC5758C00C33F51 /* LaunchScreen.storyboard */ = {
			isa = PBXVariantGroup;
			children = (
				F34DD9DB2BC5758C00C33F51 /* Base */,
			);
			name = LaunchScreen.storyboard;
			sourceTree = "<group>";
		};
/* End PBXVariantGroup section */

/* Begin XCBuildConfiguration section */
		F34DD9E02BC5758C00C33F51 /* Debug */ = {
			isa = XCBuildConfiguration;
			buildSettings = {
				ALWAYS_SEARCH_USER_PATHS = NO;
				ASSETCATALOG_COMPILER_GENERATE_SWIFT_ASSET_SYMBOL_EXTENSIONS = YES;
				CLANG_ANALYZER_NONNULL = YES;
				CLANG_ANALYZER_NUMBER_OBJECT_CONVERSION = YES_AGGRESSIVE;
				CLANG_CXX_LANGUAGE_STANDARD = "gnu++20";
				CLANG_ENABLE_MODULES = YES;
				CLANG_ENABLE_OBJC_ARC = YES;
				CLANG_ENABLE_OBJC_WEAK = YES;
				CLANG_WARN_BLOCK_CAPTURE_AUTORELEASING = YES;
				CLANG_WARN_BOOL_CONVERSION = YES;
				CLANG_WARN_COMMA = YES;
				CLANG_WARN_CONSTANT_CONVERSION = YES;
				CLANG_WARN_DEPRECATED_OBJC_IMPLEMENTATIONS = YES;
				CLANG_WARN_DIRECT_OBJC_ISA_USAGE = YES_ERROR;
				CLANG_WARN_DOCUMENTATION_COMMENTS = YES;
				CLANG_WARN_EMPTY_BODY = YES;
				CLANG_WARN_ENUM_CONVERSION = YES;
				CLANG_WARN_INFINITE_RECURSION = YES;
				CLANG_WARN_INT_CONVERSION = YES;
				CLANG_WARN_NON_LITERAL_NULL_CONVERSION = YES;
				CLANG_WARN_OBJC_IMPLICIT_RETAIN_SELF = YES;
				CLANG_WARN_OBJC_LITERAL_CONVERSION = YES;
				CLANG_WARN_OBJC_ROOT_CLASS = YES_ERROR;
				CLANG_WARN_QUOTED_INCLUDE_IN_FRAMEWORK_HEADER = YES;
				CLANG_WARN_RANGE_LOOP_ANALYSIS = YES;
				CLANG_WARN_STRICT_PROTOTYPES = YES;
				CLANG_WARN_SUSPICIOUS_MOVE = YES;
				CLANG_WARN_UNGUARDED_AVAILABILITY = YES_AGGRESSIVE;
				CLANG_WARN_UNREACHABLE_CODE = YES;
				CLANG_WARN__DUPLICATE_METHOD_MATCH = YES;
				COPY_PHASE_STRIP = NO;
				DEBUG_INFORMATION_FORMAT = dwarf;
				ENABLE_STRICT_OBJC_MSGSEND = YES;
				ENABLE_TESTABILITY = YES;
				ENABLE_USER_SCRIPT_SANDBOXING = YES;
				GCC_C_LANGUAGE_STANDARD = gnu17;
				GCC_DYNAMIC_NO_PIC = NO;
				GCC_NO_COMMON_BLOCKS = YES;
				GCC_OPTIMIZATION_LEVEL = 0;
				GCC_PREPROCESSOR_DEFINITIONS = (
					"DEBUG=1",
					"$(inherited)",
				);
				GCC_WARN_64_TO_32_BIT_CONVERSION = YES;
				GCC_WARN_ABOUT_RETURN_TYPE = YES_ERROR;
				GCC_WARN_UNDECLARED_SELECTOR = YES;
				GCC_WARN_UNINITIALIZED_AUTOS = YES_AGGRESSIVE;
				GCC_WARN_UNUSED_FUNCTION = YES;
				GCC_WARN_UNUSED_VARIABLE = YES;
				IPHONEOS_DEPLOYMENT_TARGET = 17.2;
				LOCALIZATION_PREFERS_STRING_CATALOGS = YES;
				MTL_ENABLE_DEBUG_INFO = INCLUDE_SOURCE;
				MTL_FAST_MATH = YES;
				ONLY_ACTIVE_ARCH = YES;
				SDKROOT = iphoneos;
			};
			name = Debug;
		};
		F34DD9E12BC5758C00C33F51 /* Release */ = {
			isa = XCBuildConfiguration;
			buildSettings = {
				ALWAYS_SEARCH_USER_PATHS = NO;
				ASSETCATALOG_COMPILER_GENERATE_SWIFT_ASSET_SYMBOL_EXTENSIONS = YES;
				CLANG_ANALYZER_NONNULL = YES;
				CLANG_ANALYZER_NUMBER_OBJECT_CONVERSION = YES_AGGRESSIVE;
				CLANG_CXX_LANGUAGE_STANDARD = "gnu++20";
				CLANG_ENABLE_MODULES = YES;
				CLANG_ENABLE_OBJC_ARC = YES;
				CLANG_ENABLE_OBJC_WEAK = YES;
				CLANG_WARN_BLOCK_CAPTURE_AUTORELEASING = YES;
				CLANG_WARN_BOOL_CONVERSION = YES;
				CLANG_WARN_COMMA = YES;
				CLANG_WARN_CONSTANT_CONVERSION = YES;
				CLANG_WARN_DEPRECATED_OBJC_IMPLEMENTATIONS = YES;
				CLANG_WARN_DIRECT_OBJC_ISA_USAGE = YES_ERROR;
				CLANG_WARN_DOCUMENTATION_COMMENTS = YES;
				CLANG_WARN_EMPTY_BODY = YES;
				CLANG_WARN_ENUM_CONVERSION = YES;
				CLANG_WARN_INFINITE_RECURSION = YES;
				CLANG_WARN_INT_CONVERSION = YES;
				CLANG_WARN_NON_LITERAL_NULL_CONVERSION = YES;
				CLANG_WARN_OBJC_IMPLICIT_RETAIN_SELF = YES;
				CLANG_WARN_OBJC_LITERAL_CONVERSION = YES;
				CLANG_WARN_OBJC_ROOT_CLASS = YES_ERROR;
				CLANG_WARN_QUOTED_INCLUDE_IN_FRAMEWORK_HEADER = YES;
				CLANG_WARN_RANGE_LOOP_ANALYSIS = YES;
				CLANG_WARN_STRICT_PROTOTYPES = YES;
				CLANG_WARN_SUSPICIOUS_MOVE = YES;
				CLANG_WARN_UNGUARDED_AVAILABILITY = YES_AGGRESSIVE;
				CLANG_WARN_UNREACHABLE_CODE = YES;
				CLANG_WARN__DUPLICATE_METHOD_MATCH = YES;
				COPY_PHASE_STRIP = NO;
				DEBUG_INFORMATION_FORMAT = "dwarf-with-dsym";
				ENABLE_NS_ASSERTIONS = NO;
				ENABLE_STRICT_OBJC_MSGSEND = YES;
				ENABLE_USER_SCRIPT_SANDBOXING = YES;
				GCC_C_LANGUAGE_STANDARD = gnu17;
				GCC_NO_COMMON_BLOCKS = YES;
				GCC_WARN_64_TO_32_BIT_CONVERSION = YES;
				GCC_WARN_ABOUT_RETURN_TYPE = YES_ERROR;
				GCC_WARN_UNDECLARED_SELECTOR = YES;
				GCC_WARN_UNINITIALIZED_AUTOS = YES_AGGRESSIVE;
				GCC_WARN_UNUSED_FUNCTION = YES;
				GCC_WARN_UNUSED_VARIABLE = YES;
				IPHONEOS_DEPLOYMENT_TARGET = 17.2;
				LOCALIZATION_PREFERS_STRING_CATALOGS = YES;
				MTL_ENABLE_DEBUG_INFO = NO;
				MTL_FAST_MATH = YES;
				SDKROOT = iphoneos;
				VALIDATE_PRODUCT = YES;
			};
			name = Release;
		};
		F34DD9E32BC5758C00C33F51 /* Debug */ = {
			isa = XCBuildConfiguration;
			buildSettings = {
				ASSETCATALOG_COMPILER_APPICON_NAME = AppIcon;
				ASSETCATALOG_COMPILER_GLOBAL_ACCENT_COLOR_NAME = AccentColor;
				CODE_SIGN_STYLE = Automatic;
				CURRENT_PROJECT_VERSION = 1;
				DEVELOPMENT_TEAM = 8AHZ674Y32;
				GENERATE_INFOPLIST_FILE = YES;
				INFOPLIST_FILE = "obj-c HW5/Info.plist";
				INFOPLIST_KEY_UIApplicationSupportsIndirectInputEvents = YES;
				INFOPLIST_KEY_UILaunchStoryboardName = LaunchScreen;
				INFOPLIST_KEY_UIMainStoryboardFile = Main;
				INFOPLIST_KEY_UISupportedInterfaceOrientations_iPad = "UIInterfaceOrientationPortrait UIInterfaceOrientationPortraitUpsideDown UIInterfaceOrientationLandscapeLeft UIInterfaceOrientationLandscapeRight";
				INFOPLIST_KEY_UISupportedInterfaceOrientations_iPhone = "UIInterfaceOrientationPortrait UIInterfaceOrientationLandscapeLeft UIInterfaceOrientationLandscapeRight";
				LD_RUNPATH_SEARCH_PATHS = (
					"$(inherited)",
					"@executable_path/Frameworks",
				);
				MARKETING_VERSION = 1.0;
				PRODUCT_BUNDLE_IDENTIFIER = "Study.obj-c-HW5";
				PRODUCT_NAME = "$(TARGET_NAME)";
				SWIFT_EMIT_LOC_STRINGS = YES;
				TARGETED_DEVICE_FAMILY = "1,2";
			};
			name = Debug;
		};
		F34DD9E42BC5758C00C33F51 /* Release */ = {
			isa = XCBuildConfiguration;
			buildSettings = {
				ASSETCATALOG_COMPILER_APPICON_NAME = AppIcon;
				ASSETCATALOG_COMPILER_GLOBAL_ACCENT_COLOR_NAME = AccentColor;
				CODE_SIGN_STYLE = Automatic;
				CURRENT_PROJECT_VERSION = 1;
				DEVELOPMENT_TEAM = 8AHZ674Y32;
				GENERATE_INFOPLIST_FILE = YES;
				INFOPLIST_FILE = "obj-c HW5/Info.plist";
				INFOPLIST_KEY_UIApplicationSupportsIndirectInputEvents = YES;
				INFOPLIST_KEY_UILaunchStoryboardName = LaunchScreen;
				INFOPLIST_KEY_UIMainStoryboardFile = Main;
				INFOPLIST_KEY_UISupportedInterfaceOrientations_iPad = "UIInterfaceOrientationPortrait UIInterfaceOrientationPortraitUpsideDown UIInterfaceOrientationLandscapeLeft UIInterfaceOrientationLandscapeRight";
				INFOPLIST_KEY_UISupportedInterfaceOrientations_iPhone = "UIInterfaceOrientationPortrait UIInterfaceOrientationLandscapeLeft UIInterfaceOrientationLandscapeRight";
				LD_RUNPATH_SEARCH_PATHS = (
					"$(inherited)",
					"@executable_path/Frameworks",
				);
				MARKETING_VERSION = 1.0;
				PRODUCT_BUNDLE_IDENTIFIER = "Study.obj-c-HW5";
				PRODUCT_NAME = "$(TARGET_NAME)";
				SWIFT_EMIT_LOC_STRINGS = YES;
				TARGETED_DEVICE_FAMILY = "1,2";
			};
			name = Release;
		};
/* End XCBuildConfiguration section */

/* Begin XCConfigurationList section */
		F34DD9C42BC5758A00C33F51 /* Build configuration list for PBXProject "obj-c HW5" */ = {
			isa = XCConfigurationList;
			buildConfigurations = (
				F34DD9E02BC5758C00C33F51 /* Debug */,
				F34DD9E12BC5758C00C33F51 /* Release */,
			);
			defaultConfigurationIsVisible = 0;
			defaultConfigurationName = Release;
		};
		F34DD9E22BC5758C00C33F51 /* Build configuration list for PBXNativeTarget "obj-c HW5" */ = {
			isa = XCConfigurationList;
			buildConfigurations = (
				F34DD9E32BC5758C00C33F51 /* Debug */,
				F34DD9E42BC5758C00C33F51 /* Release */,
			);
			defaultConfigurationIsVisible = 0;
			defaultConfigurationName = Release;
		};
/* End XCConfigurationList section */
	};
	rootObject = F34DD9C12BC5758A00C33F51 /* Project object */;
}
